
Microsoft Visual Studio Solution File, Format Version 12.00
# Visual Studio 15
VisualStudioVersion = 15.0.27703.2018
MinimumVisualStudioVersion = 10.0.40219.1
Project("{2150E333-8FDC-42A3-9474-1A3956D46DE8}") = "Web", "Web", "{81431D65-874C-400F-A681-3A68B0764413}"
EndProject
Project("{2150E333-8FDC-42A3-9474-1A3956D46DE8}") = "Model", "Model", "{B76394C0-A855-47EC-8AF3-6B2856AA8EDB}"
EndProject
Project("{2150E333-8FDC-42A3-9474-1A3956D46DE8}") = "DAL", "DAL", "{9764B667-B861-4A92-818E-0CA89A64A25D}"
EndProject
Project("{2150E333-8FDC-42A3-9474-1A3956D46DE8}") = "Test", "Test", "{6E22FA36-2100-4151-9518-3CB1E42CE233}"
EndProject
Project("{2150E333-8FDC-42A3-9474-1A3956D46DE8}") = "DAL", "DAL", "{3DE5303A-6EF9-4277-8476-D16DE96A1A6D}"
EndProject
Project("{2150E333-8FDC-42A3-9474-1A3956D46DE8}") = "Common", "Common", "{D9A06D5E-53F3-4305-8561-1C4843A8B3DD}"
EndProject
Project("{2150E333-8FDC-42A3-9474-1A3956D46DE8}") = "BLL", "BLL", "{63720E53-2BE2-4C7A-9F26-B691CE549AE5}"
EndProject
Project("{2150E333-8FDC-42A3-9474-1A3956D46DE8}") = "Interfaces", "Interfaces", "{150D4BCB-27C5-4EEB-B443-F452E07482BF}"
EndProject
Project("{2150E333-8FDC-42A3-9474-1A3956D46DE8}") = "Core", "Core", "{622B81DE-F29C-489E-B67A-70E54D9EEC30}"
EndProject
Project("{2150E333-8FDC-42A3-9474-1A3956D46DE8}") = "Database", "Database", "{DD942E37-3D7C-4864-ACA7-80BE7EEB3B06}"
EndProject
Project("{2150E333-8FDC-42A3-9474-1A3956D46DE8}") = "Core", "Core", "{3B2791F2-1B9F-484A-BA86-28B7E535B3B9}"
EndProject
Project("{2150E333-8FDC-42A3-9474-1A3956D46DE8}") = "Interfaces", "Interfaces", "{7418068E-B9BF-4CAA-90D8-3781C82698ED}"
EndProject
Project("{FAE04EC0-301F-11D3-BF4B-00C04F79EFBC}") = "BusinessLayer.Core", "BLL\Core\BusinessLayer.Core.csproj", "{2D421A0C-0019-4D18-91CB-CE43B260482E}"
EndProject
Project("{FAE04EC0-301F-11D3-BF4B-00C04F79EFBC}") = "BusinessLayer.Interfaces.Core", "BLL\Interfaces\BusinessLayer.Interfaces.Core.csproj", "{4F7BDE7D-A3C1-4270-98C9-76F81D6D54D7}"
EndProject
Project("{FAE04EC0-301F-11D3-BF4B-00C04F79EFBC}") = "DatabaseLayer.Core", "DAL\Core\DatabaseLayer.Core.csproj", "{8A468DEB-BB70-451C-8212-29AA2F506E31}"
EndProject
Project("{FAE04EC0-301F-11D3-BF4B-00C04F79EFBC}") = "Database", "DAL\Database\Database.csproj", "{F3BA5B2B-9084-458C-8FFF-7313DFAF720F}"
EndProject
Project("{FAE04EC0-301F-11D3-BF4B-00C04F79EFBC}") = "DatabaseLayer.Interfaces.Core", "DAL\Interfaces\DAL.Interfaces\DatabaseLayer.Interfaces.Core.csproj", "{1C3272D9-93F0-4D2A-B9F2-C3A5D342EE4A}"
EndProject
Project("{FAE04EC0-301F-11D3-BF4B-00C04F79EFBC}") = "GenericRepository.Model", "Model\GenericRepository.Model.csproj", "{041A4468-080A-4765-BBBE-31D8D04AA316}"
EndProject
Project("{FAE04EC0-301F-11D3-BF4B-00C04F79EFBC}") = "MyUtility", "Common\MyUtility\MyUtility.csproj", "{8411235D-9DCE-4D98-B244-030CCFC5B357}"
EndProject
Project("{FAE04EC0-301F-11D3-BF4B-00C04F79EFBC}") = "MyFramework", "Common\MyFramework\MyFramework.csproj", "{8202A953-DCB8-4210-89A8-83B0EDBDD7F4}"
EndProject
Project("{FAE04EC0-301F-11D3-BF4B-00C04F79EFBC}") = "DAL.Core.Test", "Test\DAL\Core\DAL.Core.Test\DAL.Core.Test.csproj", "{CB92FEA0-02EB-455A-996E-22669470C391}"
EndProject
Project("{FAE04EC0-301F-11D3-BF4B-00C04F79EFBC}") = "WebClient", "WebClient\WebClient.csproj", "{BD2C217A-BF08-4F93-AEAE-CAA1B4570066}"
EndProject
Global
	GlobalSection(SolutionConfigurationPlatforms) = preSolution
		Debug|Any CPU = Debug|Any CPU
		Release|Any CPU = Release|Any CPU
	EndGlobalSection
	GlobalSection(ProjectConfigurationPlatforms) = postSolution
		{2D421A0C-0019-4D18-91CB-CE43B260482E}.Debug|Any CPU.ActiveCfg = Debug|Any CPU
		{2D421A0C-0019-4D18-91CB-CE43B260482E}.Debug|Any CPU.Build.0 = Debug|Any CPU
		{2D421A0C-0019-4D18-91CB-CE43B260482E}.Release|Any CPU.ActiveCfg = Release|Any CPU
		{2D421A0C-0019-4D18-91CB-CE43B260482E}.Release|Any CPU.Build.0 = Release|Any CPU
		{4F7BDE7D-A3C1-4270-98C9-76F81D6D54D7}.Debug|Any CPU.ActiveCfg = Debug|Any CPU
		{4F7BDE7D-A3C1-4270-98C9-76F81D6D54D7}.Debug|Any CPU.Build.0 = Debug|Any CPU
		{4F7BDE7D-A3C1-4270-98C9-76F81D6D54D7}.Release|Any CPU.ActiveCfg = Release|Any CPU
		{4F7BDE7D-A3C1-4270-98C9-76F81D6D54D7}.Release|Any CPU.Build.0 = Release|Any CPU
		{8A468DEB-BB70-451C-8212-29AA2F506E31}.Debug|Any CPU.ActiveCfg = Debug|Any CPU
		{8A468DEB-BB70-451C-8212-29AA2F506E31}.Debug|Any CPU.Build.0 = Debug|Any CPU
		{8A468DEB-BB70-451C-8212-29AA2F506E31}.Release|Any CPU.ActiveCfg = Release|Any CPU
		{8A468DEB-BB70-451C-8212-29AA2F506E31}.Release|Any CPU.Build.0 = Release|Any CPU
		{F3BA5B2B-9084-458C-8FFF-7313DFAF720F}.Debug|Any CPU.ActiveCfg = Debug|Any CPU
		{F3BA5B2B-9084-458C-8FFF-7313DFAF720F}.Debug|Any CPU.Build.0 = Debug|Any CPU
		{F3BA5B2B-9084-458C-8FFF-7313DFAF720F}.Release|Any CPU.ActiveCfg = Release|Any CPU
		{F3BA5B2B-9084-458C-8FFF-7313DFAF720F}.Release|Any CPU.Build.0 = Release|Any CPU
		{1C3272D9-93F0-4D2A-B9F2-C3A5D342EE4A}.Debug|Any CPU.ActiveCfg = Debug|Any CPU
		{1C3272D9-93F0-4D2A-B9F2-C3A5D342EE4A}.Debug|Any CPU.Build.0 = Debug|Any CPU
		{1C3272D9-93F0-4D2A-B9F2-C3A5D342EE4A}.Release|Any CPU.ActiveCfg = Release|Any CPU
		{1C3272D9-93F0-4D2A-B9F2-C3A5D342EE4A}.Release|Any CPU.Build.0 = Release|Any CPU
		{041A4468-080A-4765-BBBE-31D8D04AA316}.Debug|Any CPU.ActiveCfg = Debug|Any CPU
		{041A4468-080A-4765-BBBE-31D8D04AA316}.Debug|Any CPU.Build.0 = Debug|Any CPU
		{041A4468-080A-4765-BBBE-31D8D04AA316}.Release|Any CPU.ActiveCfg = Release|Any CPU
		{041A4468-080A-4765-BBBE-31D8D04AA316}.Release|Any CPU.Build.0 = Release|Any CPU
		{8411235D-9DCE-4D98-B244-030CCFC5B357}.Debug|Any CPU.ActiveCfg = Debug|Any CPU
		{8411235D-9DCE-4D98-B244-030CCFC5B357}.Debug|Any CPU.Build.0 = Debug|Any CPU
		{8411235D-9DCE-4D98-B244-030CCFC5B357}.Release|Any CPU.ActiveCfg = Release|Any CPU
		{8411235D-9DCE-4D98-B244-030CCFC5B357}.Release|Any CPU.Build.0 = Release|Any CPU
		{8202A953-DCB8-4210-89A8-83B0EDBDD7F4}.Debug|Any CPU.ActiveCfg = Debug|Any CPU
		{8202A953-DCB8-4210-89A8-83B0EDBDD7F4}.Debug|Any CPU.Build.0 = Debug|Any CPU
		{8202A953-DCB8-4210-89A8-83B0EDBDD7F4}.Release|Any CPU.ActiveCfg = Release|Any CPU
		{8202A953-DCB8-4210-89A8-83B0EDBDD7F4}.Release|Any CPU.Build.0 = Release|Any CPU
		{CB92FEA0-02EB-455A-996E-22669470C391}.Debug|Any CPU.ActiveCfg = Debug|Any CPU
		{CB92FEA0-02EB-455A-996E-22669470C391}.Debug|Any CPU.Build.0 = Debug|Any CPU
		{CB92FEA0-02EB-455A-996E-22669470C391}.Release|Any CPU.ActiveCfg = Release|Any CPU
		{CB92FEA0-02EB-455A-996E-22669470C391}.Release|Any CPU.Build.0 = Release|Any CPU
		{BD2C217A-BF08-4F93-AEAE-CAA1B4570066}.Debug|Any CPU.ActiveCfg = Debug|Any CPU
		{BD2C217A-BF08-4F93-AEAE-CAA1B4570066}.Debug|Any CPU.Build.0 = Debug|Any CPU
		{BD2C217A-BF08-4F93-AEAE-CAA1B4570066}.Release|Any CPU.ActiveCfg = Release|Any CPU
		{BD2C217A-BF08-4F93-AEAE-CAA1B4570066}.Release|Any CPU.Build.0 = Release|Any CPU
	EndGlobalSection
	GlobalSection(SolutionProperties) = preSolution
		HideSolutionNode = FALSE
	EndGlobalSection
	GlobalSection(NestedProjects) = preSolution
		{3DE5303A-6EF9-4277-8476-D16DE96A1A6D} = {6E22FA36-2100-4151-9518-3CB1E42CE233}
		{150D4BCB-27C5-4EEB-B443-F452E07482BF} = {63720E53-2BE2-4C7A-9F26-B691CE549AE5}
		{622B81DE-F29C-489E-B67A-70E54D9EEC30} = {63720E53-2BE2-4C7A-9F26-B691CE549AE5}
		{DD942E37-3D7C-4864-ACA7-80BE7EEB3B06} = {9764B667-B861-4A92-818E-0CA89A64A25D}
		{3B2791F2-1B9F-484A-BA86-28B7E535B3B9} = {9764B667-B861-4A92-818E-0CA89A64A25D}
		{7418068E-B9BF-4CAA-90D8-3781C82698ED} = {9764B667-B861-4A92-818E-0CA89A64A25D}
		{2D421A0C-0019-4D18-91CB-CE43B260482E} = {622B81DE-F29C-489E-B67A-70E54D9EEC30}
		{4F7BDE7D-A3C1-4270-98C9-76F81D6D54D7} = {150D4BCB-27C5-4EEB-B443-F452E07482BF}
		{8A468DEB-BB70-451C-8212-29AA2F506E31} = {3B2791F2-1B9F-484A-BA86-28B7E535B3B9}
		{F3BA5B2B-9084-458C-8FFF-7313DFAF720F} = {DD942E37-3D7C-4864-ACA7-80BE7EEB3B06}
		{1C3272D9-93F0-4D2A-B9F2-C3A5D342EE4A} = {7418068E-B9BF-4CAA-90D8-3781C82698ED}
		{041A4468-080A-4765-BBBE-31D8D04AA316} = {B76394C0-A855-47EC-8AF3-6B2856AA8EDB}
		{8411235D-9DCE-4D98-B244-030CCFC5B357} = {D9A06D5E-53F3-4305-8561-1C4843A8B3DD}
		{8202A953-DCB8-4210-89A8-83B0EDBDD7F4} = {D9A06D5E-53F3-4305-8561-1C4843A8B3DD}
		{CB92FEA0-02EB-455A-996E-22669470C391} = {3DE5303A-6EF9-4277-8476-D16DE96A1A6D}
		{BD2C217A-BF08-4F93-AEAE-CAA1B4570066} = {81431D65-874C-400F-A681-3A68B0764413}
	EndGlobalSection
	GlobalSection(ExtensibilityGlobals) = postSolution
		SolutionGuid = {336CBE8E-FA6B-46FD-960A-DE9A05163E93}
	EndGlobalSection
EndGlobal
